
Microsoft Visual Studio Solution File, Format Version 12.00
# Visual Studio Version 17
VisualStudioVersion = 17.7.34221.43
MinimumVisualStudioVersion = 10.0.40219.1
Project("{FAE04EC0-301F-11D3-BF4B-00C04F79EFBC}") = "Tarea", "Tarea\Tarea.csproj", "{16EC122B-248D-4BA9-8CF0-BF48B4DE676E}"
EndProject
Global
	GlobalSection(SolutionConfigurationPlatforms) = preSolution
		Debug|Any CPU = Debug|Any CPU
		Release|Any CPU = Release|Any CPU
	EndGlobalSection
	GlobalSection(ProjectConfigurationPlatforms) = postSolution
		{16EC122B-248D-4BA9-8CF0-BF48B4DE676E}.Debug|Any CPU.ActiveCfg = Debug|Any CPU
		{16EC122B-248D-4BA9-8CF0-BF48B4DE676E}.Debug|Any CPU.Build.0 = Debug|Any CPU
		{16EC122B-248D-4BA9-8CF0-BF48B4DE676E}.Release|Any CPU.ActiveCfg = Release|Any CPU
		{16EC122B-248D-4BA9-8CF0-BF48B4DE676E}.Release|Any CPU.Build.0 = Release|Any CPU
	EndGlobalSection
	GlobalSection(SolutionProperties) = preSolution
		HideSolutionNode = FALSE
	EndGlobalSection
	GlobalSection(ExtensibilityGlobals) = postSolution
		SolutionGuid = {65C455D3-E5CA-4FC3-BDCF-0F25838B24EB}
	EndGlobalSection
EndGlobal
